// !$*UTF8*$!
{
	archiveVersion = 1;
	classes = {
	};
	objectVersion = 56;
	objects = {

/* Begin PBXBuildFile section */
		DD12AFC228F850BA00F044C8 /* APIModel.swift in Sources */ = {isa = PBXBuildFile; fileRef = DD12AFC128F850BA00F044C8 /* APIModel.swift */; };
		DD12AFC428FD745700F044C8 /* FormCell.swift in Sources */ = {isa = PBXBuildFile; fileRef = DD12AFC328FD745700F044C8 /* FormCell.swift */; };
		DD12AFCA28FED80200F044C8 /* OptionsView.swift in Sources */ = {isa = PBXBuildFile; fileRef = DD12AFC928FED80200F044C8 /* OptionsView.swift */; };
		DD12AFCC28FEE5B100F044C8 /* OptionsController.swift in Sources */ = {isa = PBXBuildFile; fileRef = DD12AFCB28FEE5B100F044C8 /* OptionsController.swift */; };
		DD12AFCE28FF161F00F044C8 /* Routes.swift in Sources */ = {isa = PBXBuildFile; fileRef = DD12AFCD28FF161F00F044C8 /* Routes.swift */; };
		DD12AFD429016CB700F044C8 /* Character+CoreDataClass.swift in Sources */ = {isa = PBXBuildFile; fileRef = DD12AFD229016CB700F044C8 /* Character+CoreDataClass.swift */; };
		DD12AFD529016CB700F044C8 /* Character+CoreDataProperties.swift in Sources */ = {isa = PBXBuildFile; fileRef = DD12AFD329016CB700F044C8 /* Character+CoreDataProperties.swift */; };
		DD12AFD729016EE300F044C8 /* CoreDataMethods.swift in Sources */ = {isa = PBXBuildFile; fileRef = DD12AFD629016EE300F044C8 /* CoreDataMethods.swift */; };
		DD12AFDA29018A4200F044C8 /* CharacterCell.swift in Sources */ = {isa = PBXBuildFile; fileRef = DD12AFD929018A4200F044C8 /* CharacterCell.swift */; };
		DD12AFDD2902BAB600F044C8 /* CharacterSheetControllerTests.swift in Sources */ = {isa = PBXBuildFile; fileRef = DD12AFDC2902BAB600F044C8 /* CharacterSheetControllerTests.swift */; };
		DDA57DAB28F4536A0003566F /* AppDelegate.swift in Sources */ = {isa = PBXBuildFile; fileRef = DDA57DAA28F4536A0003566F /* AppDelegate.swift */; };
		DDA57DAD28F4536A0003566F /* SceneDelegate.swift in Sources */ = {isa = PBXBuildFile; fileRef = DDA57DAC28F4536A0003566F /* SceneDelegate.swift */; };
		DDA57DAF28F4536A0003566F /* ViewController.swift in Sources */ = {isa = PBXBuildFile; fileRef = DDA57DAE28F4536A0003566F /* ViewController.swift */; };
		DDA57DB528F4536A0003566F /* D_D_CharacterCreator.xcdatamodeld in Sources */ = {isa = PBXBuildFile; fileRef = DDA57DB328F4536A0003566F /* D_D_CharacterCreator.xcdatamodeld */; };
		DDA57DB728F4536B0003566F /* Assets.xcassets in Resources */ = {isa = PBXBuildFile; fileRef = DDA57DB628F4536B0003566F /* Assets.xcassets */; };
		DDA57DBA28F4536B0003566F /* LaunchScreen.storyboard in Resources */ = {isa = PBXBuildFile; fileRef = DDA57DB828F4536B0003566F /* LaunchScreen.storyboard */; };
		DDA57DCF28F4536B0003566F /* D_D_CharacterCreatorUITests.swift in Sources */ = {isa = PBXBuildFile; fileRef = DDA57DCE28F4536B0003566F /* D_D_CharacterCreatorUITests.swift */; };
		DDA57DD128F4536B0003566F /* D_D_CharacterCreatorUITestsLaunchTests.swift in Sources */ = {isa = PBXBuildFile; fileRef = DDA57DD028F4536B0003566F /* D_D_CharacterCreatorUITestsLaunchTests.swift */; };
		DDA57DE128F45AD60003566F /* CharacterModel.swift in Sources */ = {isa = PBXBuildFile; fileRef = DDA57DE028F45AD60003566F /* CharacterModel.swift */; };
		DDA57DE328F45AF60003566F /* API-notion.swift in Sources */ = {isa = PBXBuildFile; fileRef = DDA57DE228F45AF60003566F /* API-notion.swift */; };
		DDA57DE528F45B0E0003566F /* API-dnd.swift in Sources */ = {isa = PBXBuildFile; fileRef = DDA57DE428F45B0E0003566F /* API-dnd.swift */; };
		DDA57DEA28F45C140003566F /* CharacterSheetView.swift in Sources */ = {isa = PBXBuildFile; fileRef = DDA57DE928F45C140003566F /* CharacterSheetView.swift */; };
		DDA57DEC28F45D130003566F /* CharacterSheetController.swift in Sources */ = {isa = PBXBuildFile; fileRef = DDA57DEB28F45D130003566F /* CharacterSheetController.swift */; };
		DDA57DF028F4A9CF0003566F /* ExploreController.swift in Sources */ = {isa = PBXBuildFile; fileRef = DDA57DEF28F4A9CF0003566F /* ExploreController.swift */; };
		DDA57DF228F4A9EA0003566F /* ExploreView.swift in Sources */ = {isa = PBXBuildFile; fileRef = DDA57DF128F4A9EA0003566F /* ExploreView.swift */; };
		DDA57DF528F4ABC10003566F /* CardHomeCell.swift in Sources */ = {isa = PBXBuildFile; fileRef = DDA57DF428F4ABC10003566F /* CardHomeCell.swift */; };
		DDA57DFA28F5B45B0003566F /* AllCharactersController.swift in Sources */ = {isa = PBXBuildFile; fileRef = DDA57DF928F5B45B0003566F /* AllCharactersController.swift */; };
		DDA57DFC28F5B4730003566F /* AllCharactersView.swift in Sources */ = {isa = PBXBuildFile; fileRef = DDA57DFB28F5B4730003566F /* AllCharactersView.swift */; };
/* End PBXBuildFile section */

/* Begin PBXContainerItemProxy section */
		DDA57DC128F4536B0003566F /* PBXContainerItemProxy */ = {
			isa = PBXContainerItemProxy;
			containerPortal = DDA57D9F28F4536A0003566F /* Project object */;
			proxyType = 1;
			remoteGlobalIDString = DDA57DA628F4536A0003566F;
			remoteInfo = "D&D-CharacterCreator";
		};
		DDA57DCB28F4536B0003566F /* PBXContainerItemProxy */ = {
			isa = PBXContainerItemProxy;
			containerPortal = DDA57D9F28F4536A0003566F /* Project object */;
			proxyType = 1;
			remoteGlobalIDString = DDA57DA628F4536A0003566F;
			remoteInfo = "D&D-CharacterCreator";
		};
/* End PBXContainerItemProxy section */

/* Begin PBXFileReference section */
		DD12AFC128F850BA00F044C8 /* APIModel.swift */ = {isa = PBXFileReference; lastKnownFileType = sourcecode.swift; path = APIModel.swift; sourceTree = "<group>"; };
		DD12AFC328FD745700F044C8 /* FormCell.swift */ = {isa = PBXFileReference; lastKnownFileType = sourcecode.swift; path = FormCell.swift; sourceTree = "<group>"; };
		DD12AFC928FED80200F044C8 /* OptionsView.swift */ = {isa = PBXFileReference; lastKnownFileType = sourcecode.swift; path = OptionsView.swift; sourceTree = "<group>"; };
		DD12AFCB28FEE5B100F044C8 /* OptionsController.swift */ = {isa = PBXFileReference; lastKnownFileType = sourcecode.swift; path = OptionsController.swift; sourceTree = "<group>"; };
		DD12AFCD28FF161F00F044C8 /* Routes.swift */ = {isa = PBXFileReference; lastKnownFileType = sourcecode.swift; path = Routes.swift; sourceTree = "<group>"; };
		DD12AFD229016CB700F044C8 /* Character+CoreDataClass.swift */ = {isa = PBXFileReference; lastKnownFileType = sourcecode.swift; path = "Character+CoreDataClass.swift"; sourceTree = "<group>"; };
		DD12AFD329016CB700F044C8 /* Character+CoreDataProperties.swift */ = {isa = PBXFileReference; lastKnownFileType = sourcecode.swift; path = "Character+CoreDataProperties.swift"; sourceTree = "<group>"; };
		DD12AFD629016EE300F044C8 /* CoreDataMethods.swift */ = {isa = PBXFileReference; lastKnownFileType = sourcecode.swift; path = CoreDataMethods.swift; sourceTree = "<group>"; };
		DD12AFD929018A4200F044C8 /* CharacterCell.swift */ = {isa = PBXFileReference; lastKnownFileType = sourcecode.swift; path = CharacterCell.swift; sourceTree = "<group>"; };
		DD12AFDC2902BAB600F044C8 /* CharacterSheetControllerTests.swift */ = {isa = PBXFileReference; lastKnownFileType = sourcecode.swift; path = CharacterSheetControllerTests.swift; sourceTree = "<group>"; };
		DDA57DA728F4536A0003566F /* DnDCharacterCreator.app */ = {isa = PBXFileReference; explicitFileType = wrapper.application; includeInIndex = 0; path = DnDCharacterCreator.app; sourceTree = BUILT_PRODUCTS_DIR; };
		DDA57DAA28F4536A0003566F /* AppDelegate.swift */ = {isa = PBXFileReference; lastKnownFileType = sourcecode.swift; path = AppDelegate.swift; sourceTree = "<group>"; };
		DDA57DAC28F4536A0003566F /* SceneDelegate.swift */ = {isa = PBXFileReference; lastKnownFileType = sourcecode.swift; path = SceneDelegate.swift; sourceTree = "<group>"; };
		DDA57DAE28F4536A0003566F /* ViewController.swift */ = {isa = PBXFileReference; lastKnownFileType = sourcecode.swift; path = ViewController.swift; sourceTree = "<group>"; };
		DDA57DB428F4536A0003566F /* D_D_CharacterCreator.xcdatamodel */ = {isa = PBXFileReference; lastKnownFileType = wrapper.xcdatamodel; path = D_D_CharacterCreator.xcdatamodel; sourceTree = "<group>"; };
		DDA57DB628F4536B0003566F /* Assets.xcassets */ = {isa = PBXFileReference; lastKnownFileType = folder.assetcatalog; path = Assets.xcassets; sourceTree = "<group>"; };
		DDA57DB928F4536B0003566F /* Base */ = {isa = PBXFileReference; lastKnownFileType = file.storyboard; name = Base; path = Base.lproj/LaunchScreen.storyboard; sourceTree = "<group>"; };
		DDA57DBB28F4536B0003566F /* Info.plist */ = {isa = PBXFileReference; lastKnownFileType = text.plist.xml; path = Info.plist; sourceTree = "<group>"; };
		DDA57DC028F4536B0003566F /* DnDCharacterCreatorTests.xctest */ = {isa = PBXFileReference; explicitFileType = wrapper.cfbundle; includeInIndex = 0; path = DnDCharacterCreatorTests.xctest; sourceTree = BUILT_PRODUCTS_DIR; };
		DDA57DCA28F4536B0003566F /* DnDCharacterCreatorUITests.xctest */ = {isa = PBXFileReference; explicitFileType = wrapper.cfbundle; includeInIndex = 0; path = DnDCharacterCreatorUITests.xctest; sourceTree = BUILT_PRODUCTS_DIR; };
		DDA57DCE28F4536B0003566F /* D_D_CharacterCreatorUITests.swift */ = {isa = PBXFileReference; lastKnownFileType = sourcecode.swift; path = D_D_CharacterCreatorUITests.swift; sourceTree = "<group>"; };
		DDA57DD028F4536B0003566F /* D_D_CharacterCreatorUITestsLaunchTests.swift */ = {isa = PBXFileReference; lastKnownFileType = sourcecode.swift; path = D_D_CharacterCreatorUITestsLaunchTests.swift; sourceTree = "<group>"; };
		DDA57DE028F45AD60003566F /* CharacterModel.swift */ = {isa = PBXFileReference; lastKnownFileType = sourcecode.swift; path = CharacterModel.swift; sourceTree = "<group>"; };
		DDA57DE228F45AF60003566F /* API-notion.swift */ = {isa = PBXFileReference; lastKnownFileType = sourcecode.swift; path = "API-notion.swift"; sourceTree = "<group>"; };
		DDA57DE428F45B0E0003566F /* API-dnd.swift */ = {isa = PBXFileReference; lastKnownFileType = sourcecode.swift; path = "API-dnd.swift"; sourceTree = "<group>"; };
		DDA57DE928F45C140003566F /* CharacterSheetView.swift */ = {isa = PBXFileReference; lastKnownFileType = sourcecode.swift; path = CharacterSheetView.swift; sourceTree = "<group>"; };
		DDA57DEB28F45D130003566F /* CharacterSheetController.swift */ = {isa = PBXFileReference; lastKnownFileType = sourcecode.swift; path = CharacterSheetController.swift; sourceTree = "<group>"; };
		DDA57DEF28F4A9CF0003566F /* ExploreController.swift */ = {isa = PBXFileReference; lastKnownFileType = sourcecode.swift; path = ExploreController.swift; sourceTree = "<group>"; };
		DDA57DF128F4A9EA0003566F /* ExploreView.swift */ = {isa = PBXFileReference; lastKnownFileType = sourcecode.swift; path = ExploreView.swift; sourceTree = "<group>"; };
		DDA57DF428F4ABC10003566F /* CardHomeCell.swift */ = {isa = PBXFileReference; lastKnownFileType = sourcecode.swift; path = CardHomeCell.swift; sourceTree = "<group>"; };
		DDA57DF928F5B45B0003566F /* AllCharactersController.swift */ = {isa = PBXFileReference; lastKnownFileType = sourcecode.swift; path = AllCharactersController.swift; sourceTree = "<group>"; };
		DDA57DFB28F5B4730003566F /* AllCharactersView.swift */ = {isa = PBXFileReference; lastKnownFileType = sourcecode.swift; path = AllCharactersView.swift; sourceTree = "<group>"; };
/* End PBXFileReference section */

/* Begin PBXFrameworksBuildPhase section */
		DDA57DA428F4536A0003566F /* Frameworks */ = {
			isa = PBXFrameworksBuildPhase;
			buildActionMask = 2147483647;
			files = (
			);
			runOnlyForDeploymentPostprocessing = 0;
		};
		DDA57DBD28F4536B0003566F /* Frameworks */ = {
			isa = PBXFrameworksBuildPhase;
			buildActionMask = 2147483647;
			files = (
			);
			runOnlyForDeploymentPostprocessing = 0;
		};
		DDA57DC728F4536B0003566F /* Frameworks */ = {
			isa = PBXFrameworksBuildPhase;
			buildActionMask = 2147483647;
			files = (
			);
			runOnlyForDeploymentPostprocessing = 0;
		};
/* End PBXFrameworksBuildPhase section */

/* Begin PBXGroup section */
		DD12AFD829016F3100F044C8 /* Data */ = {
			isa = PBXGroup;
			children = (
				DD12AFD629016EE300F044C8 /* CoreDataMethods.swift */,
			);
			path = Data;
			sourceTree = "<group>";
		};
		DD12AFDB2902BA6500F044C8 /* Controller */ = {
			isa = PBXGroup;
			children = (
				DD12AFDC2902BAB600F044C8 /* CharacterSheetControllerTests.swift */,
			);
			path = Controller;
			sourceTree = "<group>";
		};
		DDA57D9E28F4536A0003566F = {
			isa = PBXGroup;
			children = (
				DDA57DA928F4536A0003566F /* DnDCharacterCreator */,
				DDA57DC328F4536B0003566F /* DnDCharacterCreatorTests */,
				DDA57DCD28F4536B0003566F /* DnDCharacterCreatorUITests */,
				DDA57DA828F4536A0003566F /* Products */,
			);
			sourceTree = "<group>";
		};
		DDA57DA828F4536A0003566F /* Products */ = {
			isa = PBXGroup;
			children = (
				DDA57DA728F4536A0003566F /* DnDCharacterCreator.app */,
				DDA57DC028F4536B0003566F /* DnDCharacterCreatorTests.xctest */,
				DDA57DCA28F4536B0003566F /* DnDCharacterCreatorUITests.xctest */,
			);
			name = Products;
			sourceTree = "<group>";
		};
		DDA57DA928F4536A0003566F /* DnDCharacterCreator */ = {
			isa = PBXGroup;
			children = (
				DDA57DAA28F4536A0003566F /* AppDelegate.swift */,
				DDA57DAC28F4536A0003566F /* SceneDelegate.swift */,
				DDA57DAE28F4536A0003566F /* ViewController.swift */,
				DDA57DDF28F45ABA0003566F /* Controller */,
				DDA57DE828F45BF60003566F /* View */,
				DDA57DDE28F45AB30003566F /* Service */,
				DDA57DDD28F45AAB0003566F /* Model */,
				DD12AFD829016F3100F044C8 /* Data */,
				DDA57DB628F4536B0003566F /* Assets.xcassets */,
				DDA57DB828F4536B0003566F /* LaunchScreen.storyboard */,
				DDA57DBB28F4536B0003566F /* Info.plist */,
				DDA57DB328F4536A0003566F /* D_D_CharacterCreator.xcdatamodeld */,
			);
			path = DnDCharacterCreator;
			sourceTree = "<group>";
		};
		DDA57DC328F4536B0003566F /* DnDCharacterCreatorTests */ = {
			isa = PBXGroup;
			children = (
				DD12AFDB2902BA6500F044C8 /* Controller */,
			);
			path = DnDCharacterCreatorTests;
			sourceTree = "<group>";
		};
		DDA57DCD28F4536B0003566F /* DnDCharacterCreatorUITests */ = {
			isa = PBXGroup;
			children = (
				DDA57DCE28F4536B0003566F /* D_D_CharacterCreatorUITests.swift */,
				DDA57DD028F4536B0003566F /* D_D_CharacterCreatorUITestsLaunchTests.swift */,
			);
			path = DnDCharacterCreatorUITests;
			sourceTree = "<group>";
		};
		DDA57DDD28F45AAB0003566F /* Model */ = {
			isa = PBXGroup;
			children = (
				DD12AFD229016CB700F044C8 /* Character+CoreDataClass.swift */,
				DD12AFD329016CB700F044C8 /* Character+CoreDataProperties.swift */,
				DD12AFCD28FF161F00F044C8 /* Routes.swift */,
				DD12AFC128F850BA00F044C8 /* APIModel.swift */,
				DDA57DE028F45AD60003566F /* CharacterModel.swift */,
			);
			path = Model;
			sourceTree = "<group>";
		};
		DDA57DDE28F45AB30003566F /* Service */ = {
			isa = PBXGroup;
			children = (
				DDA57DE228F45AF60003566F /* API-notion.swift */,
				DDA57DE428F45B0E0003566F /* API-dnd.swift */,
			);
			path = Service;
			sourceTree = "<group>";
		};
		DDA57DDF28F45ABA0003566F /* Controller */ = {
			isa = PBXGroup;
			children = (
				DDA57DEB28F45D130003566F /* CharacterSheetController.swift */,
				DDA57DEF28F4A9CF0003566F /* ExploreController.swift */,
				DDA57DF928F5B45B0003566F /* AllCharactersController.swift */,
				DD12AFCB28FEE5B100F044C8 /* OptionsController.swift */,
			);
			path = Controller;
			sourceTree = "<group>";
		};
		DDA57DE828F45BF60003566F /* View */ = {
			isa = PBXGroup;
			children = (
				DDA57DF328F4AB730003566F /* Components */,
				DDA57DE928F45C140003566F /* CharacterSheetView.swift */,
				DDA57DF128F4A9EA0003566F /* ExploreView.swift */,
				DDA57DFB28F5B4730003566F /* AllCharactersView.swift */,
				DD12AFC928FED80200F044C8 /* OptionsView.swift */,
			);
			path = View;
			sourceTree = "<group>";
		};
		DDA57DF328F4AB730003566F /* Components */ = {
			isa = PBXGroup;
			children = (
				DD12AFC328FD745700F044C8 /* FormCell.swift */,
				DDA57DF428F4ABC10003566F /* CardHomeCell.swift */,
				DD12AFD929018A4200F044C8 /* CharacterCell.swift */,
			);
			path = Components;
			sourceTree = "<group>";
		};
/* End PBXGroup section */

/* Begin PBXNativeTarget section */
		DDA57DA628F4536A0003566F /* DnDCharacterCreator */ = {
			isa = PBXNativeTarget;
			buildConfigurationList = DDA57DD428F4536B0003566F /* Build configuration list for PBXNativeTarget "DnDCharacterCreator" */;
			buildPhases = (
				DDA57DA328F4536A0003566F /* Sources */,
				DDA57DA428F4536A0003566F /* Frameworks */,
				DDA57DA528F4536A0003566F /* Resources */,
				DDA57DF828F5AB890003566F /* ShellScript */,
			);
			buildRules = (
			);
			dependencies = (
			);
			name = DnDCharacterCreator;
			productName = "D&D-CharacterCreator";
			productReference = DDA57DA728F4536A0003566F /* DnDCharacterCreator.app */;
			productType = "com.apple.product-type.application";
		};
		DDA57DBF28F4536B0003566F /* DnDCharacterCreatorTests */ = {
			isa = PBXNativeTarget;
			buildConfigurationList = DDA57DD728F4536B0003566F /* Build configuration list for PBXNativeTarget "DnDCharacterCreatorTests" */;
			buildPhases = (
				DDA57DBC28F4536B0003566F /* Sources */,
				DDA57DBD28F4536B0003566F /* Frameworks */,
				DDA57DBE28F4536B0003566F /* Resources */,
			);
			buildRules = (
			);
			dependencies = (
				DDA57DC228F4536B0003566F /* PBXTargetDependency */,
			);
			name = DnDCharacterCreatorTests;
			productName = "D&D-CharacterCreatorTests";
			productReference = DDA57DC028F4536B0003566F /* DnDCharacterCreatorTests.xctest */;
			productType = "com.apple.product-type.bundle.unit-test";
		};
		DDA57DC928F4536B0003566F /* DnDCharacterCreatorUITests */ = {
			isa = PBXNativeTarget;
			buildConfigurationList = DDA57DDA28F4536B0003566F /* Build configuration list for PBXNativeTarget "DnDCharacterCreatorUITests" */;
			buildPhases = (
				DDA57DC628F4536B0003566F /* Sources */,
				DDA57DC728F4536B0003566F /* Frameworks */,
				DDA57DC828F4536B0003566F /* Resources */,
			);
			buildRules = (
			);
			dependencies = (
				DDA57DCC28F4536B0003566F /* PBXTargetDependency */,
			);
			name = DnDCharacterCreatorUITests;
			productName = "D&D-CharacterCreatorUITests";
			productReference = DDA57DCA28F4536B0003566F /* DnDCharacterCreatorUITests.xctest */;
			productType = "com.apple.product-type.bundle.ui-testing";
		};
/* End PBXNativeTarget section */

/* Begin PBXProject section */
		DDA57D9F28F4536A0003566F /* Project object */ = {
			isa = PBXProject;
			attributes = {
				BuildIndependentTargetsInParallel = 1;
				LastSwiftUpdateCheck = 1400;
				LastUpgradeCheck = 1400;
				TargetAttributes = {
					DDA57DA628F4536A0003566F = {
						CreatedOnToolsVersion = 14.0;
					};
					DDA57DBF28F4536B0003566F = {
						CreatedOnToolsVersion = 14.0;
						TestTargetID = DDA57DA628F4536A0003566F;
					};
					DDA57DC928F4536B0003566F = {
						CreatedOnToolsVersion = 14.0;
						TestTargetID = DDA57DA628F4536A0003566F;
					};
				};
			};
			buildConfigurationList = DDA57DA228F4536A0003566F /* Build configuration list for PBXProject "DnDCharacterCreator" */;
			compatibilityVersion = "Xcode 14.0";
			developmentRegion = en;
			hasScannedForEncodings = 0;
			knownRegions = (
				en,
				Base,
			);
			mainGroup = DDA57D9E28F4536A0003566F;
			productRefGroup = DDA57DA828F4536A0003566F /* Products */;
			projectDirPath = "";
			projectRoot = "";
			targets = (
				DDA57DA628F4536A0003566F /* DnDCharacterCreator */,
				DDA57DBF28F4536B0003566F /* DnDCharacterCreatorTests */,
				DDA57DC928F4536B0003566F /* DnDCharacterCreatorUITests */,
			);
		};
/* End PBXProject section */

/* Begin PBXResourcesBuildPhase section */
		DDA57DA528F4536A0003566F /* Resources */ = {
			isa = PBXResourcesBuildPhase;
			buildActionMask = 2147483647;
			files = (
				DDA57DBA28F4536B0003566F /* LaunchScreen.storyboard in Resources */,
				DDA57DB728F4536B0003566F /* Assets.xcassets in Resources */,
			);
			runOnlyForDeploymentPostprocessing = 0;
		};
		DDA57DBE28F4536B0003566F /* Resources */ = {
			isa = PBXResourcesBuildPhase;
			buildActionMask = 2147483647;
			files = (
			);
			runOnlyForDeploymentPostprocessing = 0;
		};
		DDA57DC828F4536B0003566F /* Resources */ = {
			isa = PBXResourcesBuildPhase;
			buildActionMask = 2147483647;
			files = (
			);
			runOnlyForDeploymentPostprocessing = 0;
		};
/* End PBXResourcesBuildPhase section */

/* Begin PBXShellScriptBuildPhase section */
		DDA57DF828F5AB890003566F /* ShellScript */ = {
			isa = PBXShellScriptBuildPhase;
			alwaysOutOfDate = 1;
			buildActionMask = 2147483647;
			files = (
			);
			inputFileListPaths = (
			);
			inputPaths = (
			);
			outputFileListPaths = (
			);
			outputPaths = (
			);
			runOnlyForDeploymentPostprocessing = 0;
			shellPath = /bin/sh;
			shellScript = "export PATH=\"$PATH:/opt/homebrew/bin\"\nif which swiftlint > /dev/null; then\n  swiftlint\nelse\n  echo \"warning: SwiftLint not installed, download from https://github.com/realm/SwiftLint\"\nfi\n";
		};
/* End PBXShellScriptBuildPhase section */

/* Begin PBXSourcesBuildPhase section */
		DDA57DA328F4536A0003566F /* Sources */ = {
			isa = PBXSourcesBuildPhase;
			buildActionMask = 2147483647;
			files = (
				DDA57DF528F4ABC10003566F /* CardHomeCell.swift in Sources */,
				DDA57DEC28F45D130003566F /* CharacterSheetController.swift in Sources */,
				DDA57DE528F45B0E0003566F /* API-dnd.swift in Sources */,
				DDA57DB528F4536A0003566F /* D_D_CharacterCreator.xcdatamodeld in Sources */,
				DD12AFC228F850BA00F044C8 /* APIModel.swift in Sources */,
				DDA57DE128F45AD60003566F /* CharacterModel.swift in Sources */,
				DD12AFDA29018A4200F044C8 /* CharacterCell.swift in Sources */,
				DD12AFC428FD745700F044C8 /* FormCell.swift in Sources */,
				DD12AFCC28FEE5B100F044C8 /* OptionsController.swift in Sources */,
				DDA57DAF28F4536A0003566F /* ViewController.swift in Sources */,
				DDA57DEA28F45C140003566F /* CharacterSheetView.swift in Sources */,
				DD12AFD429016CB700F044C8 /* Character+CoreDataClass.swift in Sources */,
				DDA57DE328F45AF60003566F /* API-notion.swift in Sources */,
				DDA57DAB28F4536A0003566F /* AppDelegate.swift in Sources */,
				DD12AFD529016CB700F044C8 /* Character+CoreDataProperties.swift in Sources */,
				DD12AFCA28FED80200F044C8 /* OptionsView.swift in Sources */,
				DDA57DF028F4A9CF0003566F /* ExploreController.swift in Sources */,
				DDA57DFC28F5B4730003566F /* AllCharactersView.swift in Sources */,
				DD12AFD729016EE300F044C8 /* CoreDataMethods.swift in Sources */,
				DDA57DF228F4A9EA0003566F /* ExploreView.swift in Sources */,
				DDA57DFA28F5B45B0003566F /* AllCharactersController.swift in Sources */,
				DD12AFCE28FF161F00F044C8 /* Routes.swift in Sources */,
				DDA57DAD28F4536A0003566F /* SceneDelegate.swift in Sources */,
			);
			runOnlyForDeploymentPostprocessing = 0;
		};
		DDA57DBC28F4536B0003566F /* Sources */ = {
			isa = PBXSourcesBuildPhase;
			buildActionMask = 2147483647;
			files = (
				DD12AFDD2902BAB600F044C8 /* CharacterSheetControllerTests.swift in Sources */,
			);
			runOnlyForDeploymentPostprocessing = 0;
		};
		DDA57DC628F4536B0003566F /* Sources */ = {
			isa = PBXSourcesBuildPhase;
			buildActionMask = 2147483647;
			files = (
				DDA57DCF28F4536B0003566F /* D_D_CharacterCreatorUITests.swift in Sources */,
				DDA57DD128F4536B0003566F /* D_D_CharacterCreatorUITestsLaunchTests.swift in Sources */,
			);
			runOnlyForDeploymentPostprocessing = 0;
		};
/* End PBXSourcesBuildPhase section */

/* Begin PBXTargetDependency section */
		DDA57DC228F4536B0003566F /* PBXTargetDependency */ = {
			isa = PBXTargetDependency;
			target = DDA57DA628F4536A0003566F /* DnDCharacterCreator */;
			targetProxy = DDA57DC128F4536B0003566F /* PBXContainerItemProxy */;
		};
		DDA57DCC28F4536B0003566F /* PBXTargetDependency */ = {
			isa = PBXTargetDependency;
			target = DDA57DA628F4536A0003566F /* DnDCharacterCreator */;
			targetProxy = DDA57DCB28F4536B0003566F /* PBXContainerItemProxy */;
		};
/* End PBXTargetDependency section */

/* Begin PBXVariantGroup section */
		DDA57DB828F4536B0003566F /* LaunchScreen.storyboard */ = {
			isa = PBXVariantGroup;
			children = (
				DDA57DB928F4536B0003566F /* Base */,
			);
			name = LaunchScreen.storyboard;
			sourceTree = "<group>";
		};
/* End PBXVariantGroup section */

/* Begin XCBuildConfiguration section */
		DDA57DD228F4536B0003566F /* Debug */ = {
			isa = XCBuildConfiguration;
			buildSettings = {
				ALWAYS_SEARCH_USER_PATHS = NO;
				CLANG_ANALYZER_NONNULL = YES;
				CLANG_ANALYZER_NUMBER_OBJECT_CONVERSION = YES_AGGRESSIVE;
				CLANG_CXX_LANGUAGE_STANDARD = "gnu++20";
				CLANG_ENABLE_MODULES = YES;
				CLANG_ENABLE_OBJC_ARC = YES;
				CLANG_ENABLE_OBJC_WEAK = YES;
				CLANG_WARN_BLOCK_CAPTURE_AUTORELEASING = YES;
				CLANG_WARN_BOOL_CONVERSION = YES;
				CLANG_WARN_COMMA = YES;
				CLANG_WARN_CONSTANT_CONVERSION = YES;
				CLANG_WARN_DEPRECATED_OBJC_IMPLEMENTATIONS = YES;
				CLANG_WARN_DIRECT_OBJC_ISA_USAGE = YES_ERROR;
				CLANG_WARN_DOCUMENTATION_COMMENTS = YES;
				CLANG_WARN_EMPTY_BODY = YES;
				CLANG_WARN_ENUM_CONVERSION = YES;
				CLANG_WARN_INFINITE_RECURSION = YES;
				CLANG_WARN_INT_CONVERSION = YES;
				CLANG_WARN_NON_LITERAL_NULL_CONVERSION = YES;
				CLANG_WARN_OBJC_IMPLICIT_RETAIN_SELF = YES;
				CLANG_WARN_OBJC_LITERAL_CONVERSION = YES;
				CLANG_WARN_OBJC_ROOT_CLASS = YES_ERROR;
				CLANG_WARN_QUOTED_INCLUDE_IN_FRAMEWORK_HEADER = YES;
				CLANG_WARN_RANGE_LOOP_ANALYSIS = YES;
				CLANG_WARN_STRICT_PROTOTYPES = YES;
				CLANG_WARN_SUSPICIOUS_MOVE = YES;
				CLANG_WARN_UNGUARDED_AVAILABILITY = YES_AGGRESSIVE;
				CLANG_WARN_UNREACHABLE_CODE = YES;
				CLANG_WARN__DUPLICATE_METHOD_MATCH = YES;
				COPY_PHASE_STRIP = NO;
				DEBUG_INFORMATION_FORMAT = dwarf;
				ENABLE_STRICT_OBJC_MSGSEND = YES;
				ENABLE_TESTABILITY = YES;
				GCC_C_LANGUAGE_STANDARD = gnu11;
				GCC_DYNAMIC_NO_PIC = NO;
				GCC_NO_COMMON_BLOCKS = YES;
				GCC_OPTIMIZATION_LEVEL = 0;
				GCC_PREPROCESSOR_DEFINITIONS = (
					"DEBUG=1",
					"$(inherited)",
				);
				GCC_WARN_64_TO_32_BIT_CONVERSION = YES;
				GCC_WARN_ABOUT_RETURN_TYPE = YES_ERROR;
				GCC_WARN_UNDECLARED_SELECTOR = YES;
				GCC_WARN_UNINITIALIZED_AUTOS = YES_AGGRESSIVE;
				GCC_WARN_UNUSED_FUNCTION = YES;
				GCC_WARN_UNUSED_VARIABLE = YES;
				IPHONEOS_DEPLOYMENT_TARGET = 16.0;
				MTL_ENABLE_DEBUG_INFO = INCLUDE_SOURCE;
				MTL_FAST_MATH = YES;
				ONLY_ACTIVE_ARCH = YES;
				SDKROOT = iphoneos;
				SWIFT_ACTIVE_COMPILATION_CONDITIONS = DEBUG;
				SWIFT_OPTIMIZATION_LEVEL = "-Onone";
			};
			name = Debug;
		};
		DDA57DD328F4536B0003566F /* Release */ = {
			isa = XCBuildConfiguration;
			buildSettings = {
				ALWAYS_SEARCH_USER_PATHS = NO;
				CLANG_ANALYZER_NONNULL = YES;
				CLANG_ANALYZER_NUMBER_OBJECT_CONVERSION = YES_AGGRESSIVE;
				CLANG_CXX_LANGUAGE_STANDARD = "gnu++20";
				CLANG_ENABLE_MODULES = YES;
				CLANG_ENABLE_OBJC_ARC = YES;
				CLANG_ENABLE_OBJC_WEAK = YES;
				CLANG_WARN_BLOCK_CAPTURE_AUTORELEASING = YES;
				CLANG_WARN_BOOL_CONVERSION = YES;
				CLANG_WARN_COMMA = YES;
				CLANG_WARN_CONSTANT_CONVERSION = YES;
				CLANG_WARN_DEPRECATED_OBJC_IMPLEMENTATIONS = YES;
				CLANG_WARN_DIRECT_OBJC_ISA_USAGE = YES_ERROR;
				CLANG_WARN_DOCUMENTATION_COMMENTS = YES;
				CLANG_WARN_EMPTY_BODY = YES;
				CLANG_WARN_ENUM_CONVERSION = YES;
				CLANG_WARN_INFINITE_RECURSION = YES;
				CLANG_WARN_INT_CONVERSION = YES;
				CLANG_WARN_NON_LITERAL_NULL_CONVERSION = YES;
				CLANG_WARN_OBJC_IMPLICIT_RETAIN_SELF = YES;
				CLANG_WARN_OBJC_LITERAL_CONVERSION = YES;
				CLANG_WARN_OBJC_ROOT_CLASS = YES_ERROR;
				CLANG_WARN_QUOTED_INCLUDE_IN_FRAMEWORK_HEADER = YES;
				CLANG_WARN_RANGE_LOOP_ANALYSIS = YES;
				CLANG_WARN_STRICT_PROTOTYPES = YES;
				CLANG_WARN_SUSPICIOUS_MOVE = YES;
				CLANG_WARN_UNGUARDED_AVAILABILITY = YES_AGGRESSIVE;
				CLANG_WARN_UNREACHABLE_CODE = YES;
				CLANG_WARN__DUPLICATE_METHOD_MATCH = YES;
				COPY_PHASE_STRIP = NO;
				DEBUG_INFORMATION_FORMAT = "dwarf-with-dsym";
				ENABLE_NS_ASSERTIONS = NO;
				ENABLE_STRICT_OBJC_MSGSEND = YES;
				GCC_C_LANGUAGE_STANDARD = gnu11;
				GCC_NO_COMMON_BLOCKS = YES;
				GCC_WARN_64_TO_32_BIT_CONVERSION = YES;
				GCC_WARN_ABOUT_RETURN_TYPE = YES_ERROR;
				GCC_WARN_UNDECLARED_SELECTOR = YES;
				GCC_WARN_UNINITIALIZED_AUTOS = YES_AGGRESSIVE;
				GCC_WARN_UNUSED_FUNCTION = YES;
				GCC_WARN_UNUSED_VARIABLE = YES;
				IPHONEOS_DEPLOYMENT_TARGET = 16.0;
				MTL_ENABLE_DEBUG_INFO = NO;
				MTL_FAST_MATH = YES;
				SDKROOT = iphoneos;
				SWIFT_COMPILATION_MODE = wholemodule;
				SWIFT_OPTIMIZATION_LEVEL = "-O";
				VALIDATE_PRODUCT = YES;
			};
			name = Release;
		};
		DDA57DD528F4536B0003566F /* Debug */ = {
			isa = XCBuildConfiguration;
			buildSettings = {
				ASSETCATALOG_COMPILER_APPICON_NAME = AppIcon;
				ASSETCATALOG_COMPILER_GLOBAL_ACCENT_COLOR_NAME = AccentColor;
				CODE_SIGN_IDENTITY = "Apple Development";
				CODE_SIGN_STYLE = Automatic;
				CURRENT_PROJECT_VERSION = 1;
				DEVELOPMENT_TEAM = 2D837DJ3YC;
				GENERATE_INFOPLIST_FILE = YES;
				INFOPLIST_FILE = DnDCharacterCreator/Info.plist;
				INFOPLIST_KEY_UIApplicationSupportsIndirectInputEvents = YES;
				INFOPLIST_KEY_UILaunchStoryboardName = LaunchScreen;
				INFOPLIST_KEY_UISupportedInterfaceOrientations_iPad = "UIInterfaceOrientationPortrait UIInterfaceOrientationPortraitUpsideDown UIInterfaceOrientationLandscapeLeft UIInterfaceOrientationLandscapeRight";
				INFOPLIST_KEY_UISupportedInterfaceOrientations_iPhone = "UIInterfaceOrientationPortrait UIInterfaceOrientationLandscapeLeft UIInterfaceOrientationLandscapeRight";
				LD_RUNPATH_SEARCH_PATHS = (
					"$(inherited)",
					"@executable_path/Frameworks",
				);
				MARKETING_VERSION = 1.0;
				PRODUCT_BUNDLE_IDENTIFIER = ciceronascimento.DnDCharacterCreator;
				PRODUCT_NAME = "$(TARGET_NAME)";
				PROVISIONING_PROFILE_SPECIFIER = "";
				SWIFT_EMIT_LOC_STRINGS = YES;
				SWIFT_VERSION = 5.0;
				TARGETED_DEVICE_FAMILY = "1,2";
			};
			name = Debug;
		};
		DDA57DD628F4536B0003566F /* Release */ = {
			isa = XCBuildConfiguration;
			buildSettings = {
				ASSETCATALOG_COMPILER_APPICON_NAME = AppIcon;
				ASSETCATALOG_COMPILER_GLOBAL_ACCENT_COLOR_NAME = AccentColor;
				CODE_SIGN_IDENTITY = "Apple Development";
				CODE_SIGN_STYLE = Automatic;
				CURRENT_PROJECT_VERSION = 1;
				DEVELOPMENT_TEAM = 2D837DJ3YC;
				GENERATE_INFOPLIST_FILE = YES;
				INFOPLIST_FILE = DnDCharacterCreator/Info.plist;
				INFOPLIST_KEY_UIApplicationSupportsIndirectInputEvents = YES;
				INFOPLIST_KEY_UILaunchStoryboardName = LaunchScreen;
				INFOPLIST_KEY_UISupportedInterfaceOrientations_iPad = "UIInterfaceOrientationPortrait UIInterfaceOrientationPortraitUpsideDown UIInterfaceOrientationLandscapeLeft UIInterfaceOrientationLandscapeRight";
				INFOPLIST_KEY_UISupportedInterfaceOrientations_iPhone = "UIInterfaceOrientationPortrait UIInterfaceOrientationLandscapeLeft UIInterfaceOrientationLandscapeRight";
				LD_RUNPATH_SEARCH_PATHS = (
					"$(inherited)",
					"@executable_path/Frameworks",
				);
				MARKETING_VERSION = 1.0;
				PRODUCT_BUNDLE_IDENTIFIER = ciceronascimento.DnDCharacterCreator;
				PRODUCT_NAME = "$(TARGET_NAME)";
				PROVISIONING_PROFILE_SPECIFIER = "";
				SWIFT_EMIT_LOC_STRINGS = YES;
				SWIFT_VERSION = 5.0;
				TARGETED_DEVICE_FAMILY = "1,2";
			};
			name = Release;
		};
		DDA57DD828F4536B0003566F /* Debug */ = {
			isa = XCBuildConfiguration;
			buildSettings = {
				ALWAYS_EMBED_SWIFT_STANDARD_LIBRARIES = YES;
				BUNDLE_LOADER = "$(TEST_HOST)";
				CODE_SIGN_STYLE = Manual;
				CURRENT_PROJECT_VERSION = 1;
				DEVELOPMENT_TEAM = "";
				GENERATE_INFOPLIST_FILE = YES;
				IPHONEOS_DEPLOYMENT_TARGET = 16.0;
				MARKETING_VERSION = 1.0;
				PRODUCT_BUNDLE_IDENTIFIER = ciceronascimento.DnDCharacterCreatorTests;
				PRODUCT_NAME = "$(TARGET_NAME)";
				PROVISIONING_PROFILE_SPECIFIER = "";
				SWIFT_EMIT_LOC_STRINGS = NO;
				SWIFT_VERSION = 5.0;
				TARGETED_DEVICE_FAMILY = "1,2";
				TEST_HOST = "$(BUILT_PRODUCTS_DIR)/DnDCharacterCreator.app/$(BUNDLE_EXECUTABLE_FOLDER_PATH)/DnDCharacterCreator";
			};
			name = Debug;
		};
		DDA57DD928F4536B0003566F /* Release */ = {
			isa = XCBuildConfiguration;
			buildSettings = {
				ALWAYS_EMBED_SWIFT_STANDARD_LIBRARIES = YES;
				BUNDLE_LOADER = "$(TEST_HOST)";
				CODE_SIGN_STYLE = Manual;
				CURRENT_PROJECT_VERSION = 1;
				DEVELOPMENT_TEAM = "";
				GENERATE_INFOPLIST_FILE = YES;
				IPHONEOS_DEPLOYMENT_TARGET = 16.0;
				MARKETING_VERSION = 1.0;
				PRODUCT_BUNDLE_IDENTIFIER = ciceronascimento.DnDCharacterCreatorTests;
				PRODUCT_NAME = "$(TARGET_NAME)";
				PROVISIONING_PROFILE_SPECIFIER = "";
				SWIFT_EMIT_LOC_STRINGS = NO;
				SWIFT_VERSION = 5.0;
				TARGETED_DEVICE_FAMILY = "1,2";
				TEST_HOST = "$(BUILT_PRODUCTS_DIR)/DnDCharacterCreator.app/$(BUNDLE_EXECUTABLE_FOLDER_PATH)/DnDCharacterCreator";
			};
			name = Release;
		};
		DDA57DDB28F4536B0003566F /* Debug */ = {
			isa = XCBuildConfiguration;
			buildSettings = {
				ALWAYS_EMBED_SWIFT_STANDARD_LIBRARIES = YES;
				CODE_SIGN_STYLE = Automatic;
				CURRENT_PROJECT_VERSION = 1;
				DEVELOPMENT_TEAM = 2D837DJ3YC;
				GENERATE_INFOPLIST_FILE = YES;
				MARKETING_VERSION = 1.0;
				PRODUCT_BUNDLE_IDENTIFIER = ciceronascimento.DnDCharacterCreatorUITests;
				PRODUCT_NAME = "$(TARGET_NAME)";
				SWIFT_EMIT_LOC_STRINGS = NO;
				SWIFT_VERSION = 5.0;
				TARGETED_DEVICE_FAMILY = "1,2";
				TEST_TARGET_NAME = "D&D-CharacterCreator";
			};
			name = Debug;
		};
		DDA57DDC28F4536B0003566F /* Release */ = {
			isa = XCBuildConfiguration;
			buildSettings = {
				ALWAYS_EMBED_SWIFT_STANDARD_LIBRARIES = YES;
				CODE_SIGN_STYLE = Automatic;
				CURRENT_PROJECT_VERSION = 1;
				DEVELOPMENT_TEAM = 2D837DJ3YC;
				GENERATE_INFOPLIST_FILE = YES;
				MARKETING_VERSION = 1.0;
				PRODUCT_BUNDLE_IDENTIFIER = ciceronascimento.DnDCharacterCreatorUITests;
				PRODUCT_NAME = "$(TARGET_NAME)";
				SWIFT_EMIT_LOC_STRINGS = NO;
				SWIFT_VERSION = 5.0;
				TARGETED_DEVICE_FAMILY = "1,2";
				TEST_TARGET_NAME = "D&D-CharacterCreator";
			};
			name = Release;
		};
/* End XCBuildConfiguration section */

/* Begin XCConfigurationList section */
		DDA57DA228F4536A0003566F /* Build configuration list for PBXProject "DnDCharacterCreator" */ = {
			isa = XCConfigurationList;
			buildConfigurations = (
				DDA57DD228F4536B0003566F /* Debug */,
				DDA57DD328F4536B0003566F /* Release */,
			);
			defaultConfigurationIsVisible = 0;
			defaultConfigurationName = Release;
		};
		DDA57DD428F4536B0003566F /* Build configuration list for PBXNativeTarget "DnDCharacterCreator" */ = {
			isa = XCConfigurationList;
			buildConfigurations = (
				DDA57DD528F4536B0003566F /* Debug */,
				DDA57DD628F4536B0003566F /* Release */,
			);
			defaultConfigurationIsVisible = 0;
			defaultConfigurationName = Release;
		};
		DDA57DD728F4536B0003566F /* Build configuration list for PBXNativeTarget "DnDCharacterCreatorTests" */ = {
			isa = XCConfigurationList;
			buildConfigurations = (
				DDA57DD828F4536B0003566F /* Debug */,
				DDA57DD928F4536B0003566F /* Release */,
			);
			defaultConfigurationIsVisible = 0;
			defaultConfigurationName = Release;
		};
		DDA57DDA28F4536B0003566F /* Build configuration list for PBXNativeTarget "DnDCharacterCreatorUITests" */ = {
			isa = XCConfigurationList;
			buildConfigurations = (
				DDA57DDB28F4536B0003566F /* Debug */,
				DDA57DDC28F4536B0003566F /* Release */,
			);
			defaultConfigurationIsVisible = 0;
			defaultConfigurationName = Release;
		};
/* End XCConfigurationList section */

/* Begin XCVersionGroup section */
		DDA57DB328F4536A0003566F /* D_D_CharacterCreator.xcdatamodeld */ = {
			isa = XCVersionGroup;
			children = (
				DDA57DB428F4536A0003566F /* D_D_CharacterCreator.xcdatamodel */,
			);
			currentVersion = DDA57DB428F4536A0003566F /* D_D_CharacterCreator.xcdatamodel */;
			path = D_D_CharacterCreator.xcdatamodeld;
			sourceTree = "<group>";
			versionGroupType = wrapper.xcdatamodel;
		};
/* End XCVersionGroup section */
	};
	rootObject = DDA57D9F28F4536A0003566F /* Project object */;
}
